
Microsoft Visual Studio Solution File, Format Version 12.00
# Visual Studio Version 17
VisualStudioVersion = 17.5.002.0
MinimumVisualStudioVersion = 10.0.40219.1
Project("{2150E333-8FDC-42A3-9474-1A3956D46DE8}") = "CsharpProjects", "CsharpProjects", "{1043A6AD-EA5D-46E1-8D1C-AD7F30E0C861}"
EndProject
Project("{9A19103F-16F7-4668-BE54-9A1E7A4F7556}") = "TestProject", "CsharpProjects\TestProject\TestProject.csproj", "{0E4DF5E4-7022-4660-96DE-A19345B3B7C4}"
EndProject
Global
	GlobalSection(SolutionConfigurationPlatforms) = preSolution
		Debug|Any CPU = Debug|Any CPU
		Release|Any CPU = Release|Any CPU
	EndGlobalSection
	GlobalSection(ProjectConfigurationPlatforms) = postSolution
		{0E4DF5E4-7022-4660-96DE-A19345B3B7C4}.Debug|Any CPU.ActiveCfg = Debug|Any CPU
		{0E4DF5E4-7022-4660-96DE-A19345B3B7C4}.Debug|Any CPU.Build.0 = Debug|Any CPU
		{0E4DF5E4-7022-4660-96DE-A19345B3B7C4}.Release|Any CPU.ActiveCfg = Release|Any CPU
		{0E4DF5E4-7022-4660-96DE-A19345B3B7C4}.Release|Any CPU.Build.0 = Release|Any CPU
	EndGlobalSection
	GlobalSection(SolutionProperties) = preSolution
		HideSolutionNode = FALSE
	EndGlobalSection
	GlobalSection(NestedProjects) = preSolution
		{0E4DF5E4-7022-4660-96DE-A19345B3B7C4} = {1043A6AD-EA5D-46E1-8D1C-AD7F30E0C861}
	EndGlobalSection
	GlobalSection(ExtensibilityGlobals) = postSolution
		SolutionGuid = {62706303-FC3C-41B2-BF75-8EDE4A8A5F8F}
	EndGlobalSection
EndGlobal
