
Microsoft Visual Studio Solution File, Format Version 12.00
# Visual Studio Version 17
VisualStudioVersion = 17.5.002.0
MinimumVisualStudioVersion = 10.0.40219.1
Project("{2150E333-8FDC-42A3-9474-1A3956D46DE8}") = "CSharpProjects", "CSharpProjects", "{BFC96059-8CCE-492A-9610-865CE34D3695}"
EndProject
Project("{9A19103F-16F7-4668-BE54-9A1E7A4F7556}") = "TestProjects", "CSharpProjects\TestProjects\TestProjects.csproj", "{241E13B1-A6C7-467E-9CDC-E83548FE721C}"
EndProject
Global
	GlobalSection(SolutionConfigurationPlatforms) = preSolution
		Debug|Any CPU = Debug|Any CPU
		Release|Any CPU = Release|Any CPU
	EndGlobalSection
	GlobalSection(ProjectConfigurationPlatforms) = postSolution
		{241E13B1-A6C7-467E-9CDC-E83548FE721C}.Debug|Any CPU.ActiveCfg = Debug|Any CPU
		{241E13B1-A6C7-467E-9CDC-E83548FE721C}.Debug|Any CPU.Build.0 = Debug|Any CPU
		{241E13B1-A6C7-467E-9CDC-E83548FE721C}.Release|Any CPU.ActiveCfg = Release|Any CPU
		{241E13B1-A6C7-467E-9CDC-E83548FE721C}.Release|Any CPU.Build.0 = Release|Any CPU
	EndGlobalSection
	GlobalSection(SolutionProperties) = preSolution
		HideSolutionNode = FALSE
	EndGlobalSection
	GlobalSection(NestedProjects) = preSolution
		{241E13B1-A6C7-467E-9CDC-E83548FE721C} = {BFC96059-8CCE-492A-9610-865CE34D3695}
	EndGlobalSection
	GlobalSection(ExtensibilityGlobals) = postSolution
		SolutionGuid = {44249512-41ED-4211-97C9-30BAA40EFB82}
	EndGlobalSection
EndGlobal
