
Microsoft Visual Studio Solution File, Format Version 12.00
# Visual Studio Version 17
VisualStudioVersion = 17.5.002.0
MinimumVisualStudioVersion = 10.0.40219.1
Project("{2150E333-8FDC-42A3-9474-1A3956D46DE8}") = "CsharpProjects", "CsharpProjects", "{4B9DDF08-D492-4CFA-B5D2-CD99AF969B2B}"
EndProject
Project("{9A19103F-16F7-4668-BE54-9A1E7A4F7556}") = "TestProjects", "CsharpProjects\TestProjects\TestProjects.csproj", "{858F6704-B916-4370-B7F6-6BF8271D5277}"
EndProject
Global
	GlobalSection(SolutionConfigurationPlatforms) = preSolution
		Debug|Any CPU = Debug|Any CPU
		Release|Any CPU = Release|Any CPU
	EndGlobalSection
	GlobalSection(ProjectConfigurationPlatforms) = postSolution
		{858F6704-B916-4370-B7F6-6BF8271D5277}.Debug|Any CPU.ActiveCfg = Debug|Any CPU
		{858F6704-B916-4370-B7F6-6BF8271D5277}.Debug|Any CPU.Build.0 = Debug|Any CPU
		{858F6704-B916-4370-B7F6-6BF8271D5277}.Release|Any CPU.ActiveCfg = Release|Any CPU
		{858F6704-B916-4370-B7F6-6BF8271D5277}.Release|Any CPU.Build.0 = Release|Any CPU
	EndGlobalSection
	GlobalSection(SolutionProperties) = preSolution
		HideSolutionNode = FALSE
	EndGlobalSection
	GlobalSection(NestedProjects) = preSolution
		{858F6704-B916-4370-B7F6-6BF8271D5277} = {4B9DDF08-D492-4CFA-B5D2-CD99AF969B2B}
	EndGlobalSection
	GlobalSection(ExtensibilityGlobals) = postSolution
		SolutionGuid = {F3C38D0F-C1F4-4CB9-B9C2-94C68AD0E01F}
	EndGlobalSection
EndGlobal
